
Microsoft Visual Studio Solution File, Format Version 12.00
# Visual Studio Version 17
VisualStudioVersion = 17.1.32421.90
MinimumVisualStudioVersion = 10.0.40219.1
Project("{9A19103F-16F7-4668-BE54-9A1E7A4F7556}") = "Telegrafer", "Telegrafer\Telegrafer.csproj", "{0DC5A7C2-C639-4E4A-9701-65E2DB6E400B}"
EndProject
Global
	GlobalSection(SolutionConfigurationPlatforms) = preSolution
		Debug|Any CPU = Debug|Any CPU
		Release|Any CPU = Release|Any CPU
	EndGlobalSection
	GlobalSection(ProjectConfigurationPlatforms) = postSolution
		{0DC5A7C2-C639-4E4A-9701-65E2DB6E400B}.Debug|Any CPU.ActiveCfg = Debug|Any CPU
		{0DC5A7C2-C639-4E4A-9701-65E2DB6E400B}.Debug|Any CPU.Build.0 = Debug|Any CPU
		{0DC5A7C2-C639-4E4A-9701-65E2DB6E400B}.Release|Any CPU.ActiveCfg = Release|Any CPU
		{0DC5A7C2-C639-4E4A-9701-65E2DB6E400B}.Release|Any CPU.Build.0 = Release|Any CPU
	EndGlobalSection
	GlobalSection(SolutionProperties) = preSolution
		HideSolutionNode = FALSE
	EndGlobalSection
	GlobalSection(ExtensibilityGlobals) = postSolution
		SolutionGuid = {D9E5A608-82DB-4AC8-B53F-20F153047D53}
	EndGlobalSection
EndGlobal
